// !$*UTF8*$!
{
	archiveVersion = 1;
	classes = {
	};
	objectVersion = 56;
	objects = {

/* Begin PBXBuildFile section */
		5ED79EFF29FD935F009D45AA /* AtinaraeApp.swift in Sources */ = {isa = PBXBuildFile; fileRef = 5ED79EFE29FD935F009D45AA /* AtinaraeApp.swift */; };
		5ED79F0129FD935F009D45AA /* ContentView.swift in Sources */ = {isa = PBXBuildFile; fileRef = 5ED79F0029FD935F009D45AA /* ContentView.swift */; };
		5ED79F0329FD9361009D45AA /* Assets.xcassets in Resources */ = {isa = PBXBuildFile; fileRef = 5ED79F0229FD9361009D45AA /* Assets.xcassets */; };
		5ED79F0629FD9361009D45AA /* Preview Assets.xcassets in Resources */ = {isa = PBXBuildFile; fileRef = 5ED79F0529FD9361009D45AA /* Preview Assets.xcassets */; };
		5EF2F59B2A00FA62002D99D0 /* VideoMessage.swift in Sources */ = {isa = PBXBuildFile; fileRef = 5EF2F59A2A00FA61002D99D0 /* VideoMessage.swift */; };
		5EF2F59D2A01025A002D99D0 /* User.swift in Sources */ = {isa = PBXBuildFile; fileRef = 5EF2F59C2A01025A002D99D0 /* User.swift */; };
		5EF2F59F2A0116FB002D99D0 /* Inbox.swift in Sources */ = {isa = PBXBuildFile; fileRef = 5EF2F59E2A0116FB002D99D0 /* Inbox.swift */; };
		5EF2F5A12A011702002D99D0 /* Outbox.swift in Sources */ = {isa = PBXBuildFile; fileRef = 5EF2F5A02A011702002D99D0 /* Outbox.swift */; };
/* End PBXBuildFile section */

/* Begin PBXFileReference section */
		5ED79EFB29FD935F009D45AA /* Atinarae.app */ = {isa = PBXFileReference; explicitFileType = wrapper.application; includeInIndex = 0; path = Atinarae.app; sourceTree = BUILT_PRODUCTS_DIR; };
		5ED79EFE29FD935F009D45AA /* AtinaraeApp.swift */ = {isa = PBXFileReference; lastKnownFileType = sourcecode.swift; path = AtinaraeApp.swift; sourceTree = "<group>"; };
		5ED79F0029FD935F009D45AA /* ContentView.swift */ = {isa = PBXFileReference; lastKnownFileType = sourcecode.swift; path = ContentView.swift; sourceTree = "<group>"; };
		5ED79F0229FD9361009D45AA /* Assets.xcassets */ = {isa = PBXFileReference; lastKnownFileType = folder.assetcatalog; path = Assets.xcassets; sourceTree = "<group>"; };
		5ED79F0529FD9361009D45AA /* Preview Assets.xcassets */ = {isa = PBXFileReference; lastKnownFileType = folder.assetcatalog; path = "Preview Assets.xcassets"; sourceTree = "<group>"; };
		5EF2F59A2A00FA61002D99D0 /* VideoMessage.swift */ = {isa = PBXFileReference; fileEncoding = 4; lastKnownFileType = sourcecode.swift; path = VideoMessage.swift; sourceTree = "<group>"; };
		5EF2F59C2A01025A002D99D0 /* User.swift */ = {isa = PBXFileReference; lastKnownFileType = sourcecode.swift; path = User.swift; sourceTree = "<group>"; };
		5EF2F59E2A0116FB002D99D0 /* Inbox.swift */ = {isa = PBXFileReference; lastKnownFileType = sourcecode.swift; path = Inbox.swift; sourceTree = "<group>"; };
		5EF2F5A02A011702002D99D0 /* Outbox.swift */ = {isa = PBXFileReference; lastKnownFileType = sourcecode.swift; path = Outbox.swift; sourceTree = "<group>"; };
/* End PBXFileReference section */

/* Begin PBXFrameworksBuildPhase section */
		5ED79EF829FD935F009D45AA /* Frameworks */ = {
			isa = PBXFrameworksBuildPhase;
			buildActionMask = 2147483647;
			files = (
			);
			runOnlyForDeploymentPostprocessing = 0;
		};
/* End PBXFrameworksBuildPhase section */

/* Begin PBXGroup section */
		5ED79EF229FD935F009D45AA = {
			isa = PBXGroup;
			children = (
				5ED79EFD29FD935F009D45AA /* Atinarae */,
				5ED79EFC29FD935F009D45AA /* Products */,
			);
			sourceTree = "<group>";
		};
		5ED79EFC29FD935F009D45AA /* Products */ = {
			isa = PBXGroup;
			children = (
				5ED79EFB29FD935F009D45AA /* Atinarae.app */,
			);
			name = Products;
			sourceTree = "<group>";
		};
		5ED79EFD29FD935F009D45AA /* Atinarae */ = {
			isa = PBXGroup;
			children = (
				5ED79F0F29FD937E009D45AA /* models */,
				5ED79F0E29FD9376009D45AA /* views */,
				5ED79F0D29FD936F009D45AA /* services */,
				5ED79F0C29FD9369009D45AA /* resources */,
				5ED79EFE29FD935F009D45AA /* AtinaraeApp.swift */,
				5ED79F0029FD935F009D45AA /* ContentView.swift */,
				5ED79F0229FD9361009D45AA /* Assets.xcassets */,
				5ED79F0429FD9361009D45AA /* Preview Content */,
			);
			path = Atinarae;
			sourceTree = "<group>";
		};
		5ED79F0429FD9361009D45AA /* Preview Content */ = {
			isa = PBXGroup;
			children = (
				5ED79F0529FD9361009D45AA /* Preview Assets.xcassets */,
			);
			path = "Preview Content";
			sourceTree = "<group>";
		};
		5ED79F0C29FD9369009D45AA /* resources */ = {
			isa = PBXGroup;
			children = (
			);
			path = resources;
			sourceTree = "<group>";
		};
		5ED79F0D29FD936F009D45AA /* services */ = {
			isa = PBXGroup;
			children = (
			);
			path = services;
			sourceTree = "<group>";
		};
		5ED79F0E29FD9376009D45AA /* views */ = {
			isa = PBXGroup;
			children = (
			);
			path = views;
			sourceTree = "<group>";
		};
		5ED79F0F29FD937E009D45AA /* models */ = {
			isa = PBXGroup;
			children = (
				5EF2F59A2A00FA61002D99D0 /* VideoMessage.swift */,
				5EF2F59C2A01025A002D99D0 /* User.swift */,
				5EF2F59E2A0116FB002D99D0 /* Inbox.swift */,
				5EF2F5A02A011702002D99D0 /* Outbox.swift */,
			);
			path = models;
			sourceTree = "<group>";
		};
/* End PBXGroup section */

/* Begin PBXNativeTarget section */
		5ED79EFA29FD935F009D45AA /* Atinarae */ = {
			isa = PBXNativeTarget;
			buildConfigurationList = 5ED79F0929FD9361009D45AA /* Build configuration list for PBXNativeTarget "Atinarae" */;
			buildPhases = (
				5ED79EF729FD935F009D45AA /* Sources */,
				5ED79EF829FD935F009D45AA /* Frameworks */,
				5ED79EF929FD935F009D45AA /* Resources */,
			);
			buildRules = (
			);
			dependencies = (
			);
			name = Atinarae;
			productName = Atinarae;
			productReference = 5ED79EFB29FD935F009D45AA /* Atinarae.app */;
			productType = "com.apple.product-type.application";
		};
/* End PBXNativeTarget section */

/* Begin PBXProject section */
		5ED79EF329FD935F009D45AA /* Project object */ = {
			isa = PBXProject;
			attributes = {
				BuildIndependentTargetsInParallel = 1;
				LastSwiftUpdateCheck = 1430;
				LastUpgradeCheck = 1430;
				TargetAttributes = {
					5ED79EFA29FD935F009D45AA = {
						CreatedOnToolsVersion = 14.3;
					};
				};
			};
			buildConfigurationList = 5ED79EF629FD935F009D45AA /* Build configuration list for PBXProject "Atinarae" */;
			compatibilityVersion = "Xcode 14.0";
			developmentRegion = en;
			hasScannedForEncodings = 0;
			knownRegions = (
				en,
				Base,
			);
			mainGroup = 5ED79EF229FD935F009D45AA;
			productRefGroup = 5ED79EFC29FD935F009D45AA /* Products */;
			projectDirPath = "";
			projectRoot = "";
			targets = (
				5ED79EFA29FD935F009D45AA /* Atinarae */,
			);
		};
/* End PBXProject section */

/* Begin PBXResourcesBuildPhase section */
		5ED79EF929FD935F009D45AA /* Resources */ = {
			isa = PBXResourcesBuildPhase;
			buildActionMask = 2147483647;
			files = (
				5ED79F0629FD9361009D45AA /* Preview Assets.xcassets in Resources */,
				5ED79F0329FD9361009D45AA /* Assets.xcassets in Resources */,
			);
			runOnlyForDeploymentPostprocessing = 0;
		};
/* End PBXResourcesBuildPhase section */

/* Begin PBXSourcesBuildPhase section */
		5ED79EF729FD935F009D45AA /* Sources */ = {
			isa = PBXSourcesBuildPhase;
			buildActionMask = 2147483647;
			files = (
				5EF2F59D2A01025A002D99D0 /* User.swift in Sources */,
				5EF2F59B2A00FA62002D99D0 /* VideoMessage.swift in Sources */,
				5ED79F0129FD935F009D45AA /* ContentView.swift in Sources */,
				5EF2F59F2A0116FB002D99D0 /* Inbox.swift in Sources */,
				5EF2F5A12A011702002D99D0 /* Outbox.swift in Sources */,
				5ED79EFF29FD935F009D45AA /* AtinaraeApp.swift in Sources */,
			);
			runOnlyForDeploymentPostprocessing = 0;
		};
/* End PBXSourcesBuildPhase section */

/* Begin XCBuildConfiguration section */
		5ED79F0729FD9361009D45AA /* Debug */ = {
			isa = XCBuildConfiguration;
			buildSettings = {
				ALWAYS_SEARCH_USER_PATHS = NO;
				CLANG_ANALYZER_NONNULL = YES;
				CLANG_ANALYZER_NUMBER_OBJECT_CONVERSION = YES_AGGRESSIVE;
				CLANG_CXX_LANGUAGE_STANDARD = "gnu++20";
				CLANG_ENABLE_MODULES = YES;
				CLANG_ENABLE_OBJC_ARC = YES;
				CLANG_ENABLE_OBJC_WEAK = YES;
				CLANG_WARN_BLOCK_CAPTURE_AUTORELEASING = YES;
				CLANG_WARN_BOOL_CONVERSION = YES;
				CLANG_WARN_COMMA = YES;
				CLANG_WARN_CONSTANT_CONVERSION = YES;
				CLANG_WARN_DEPRECATED_OBJC_IMPLEMENTATIONS = YES;
				CLANG_WARN_DIRECT_OBJC_ISA_USAGE = YES_ERROR;
				CLANG_WARN_DOCUMENTATION_COMMENTS = YES;
				CLANG_WARN_EMPTY_BODY = YES;
				CLANG_WARN_ENUM_CONVERSION = YES;
				CLANG_WARN_INFINITE_RECURSION = YES;
				CLANG_WARN_INT_CONVERSION = YES;
				CLANG_WARN_NON_LITERAL_NULL_CONVERSION = YES;
				CLANG_WARN_OBJC_IMPLICIT_RETAIN_SELF = YES;
				CLANG_WARN_OBJC_LITERAL_CONVERSION = YES;
				CLANG_WARN_OBJC_ROOT_CLASS = YES_ERROR;
				CLANG_WARN_QUOTED_INCLUDE_IN_FRAMEWORK_HEADER = YES;
				CLANG_WARN_RANGE_LOOP_ANALYSIS = YES;
				CLANG_WARN_STRICT_PROTOTYPES = YES;
				CLANG_WARN_SUSPICIOUS_MOVE = YES;
				CLANG_WARN_UNGUARDED_AVAILABILITY = YES_AGGRESSIVE;
				CLANG_WARN_UNREACHABLE_CODE = YES;
				CLANG_WARN__DUPLICATE_METHOD_MATCH = YES;
				COPY_PHASE_STRIP = NO;
				DEBUG_INFORMATION_FORMAT = dwarf;
				ENABLE_STRICT_OBJC_MSGSEND = YES;
				ENABLE_TESTABILITY = YES;
				GCC_C_LANGUAGE_STANDARD = gnu11;
				GCC_DYNAMIC_NO_PIC = NO;
				GCC_NO_COMMON_BLOCKS = YES;
				GCC_OPTIMIZATION_LEVEL = 0;
				GCC_PREPROCESSOR_DEFINITIONS = (
					"DEBUG=1",
					"$(inherited)",
				);
				GCC_WARN_64_TO_32_BIT_CONVERSION = YES;
				GCC_WARN_ABOUT_RETURN_TYPE = YES_ERROR;
				GCC_WARN_UNDECLARED_SELECTOR = YES;
				GCC_WARN_UNINITIALIZED_AUTOS = YES_AGGRESSIVE;
				GCC_WARN_UNUSED_FUNCTION = YES;
				GCC_WARN_UNUSED_VARIABLE = YES;
				IPHONEOS_DEPLOYMENT_TARGET = 16.4;
				MTL_ENABLE_DEBUG_INFO = INCLUDE_SOURCE;
				MTL_FAST_MATH = YES;
				ONLY_ACTIVE_ARCH = YES;
				SDKROOT = iphoneos;
				SWIFT_ACTIVE_COMPILATION_CONDITIONS = DEBUG;
				SWIFT_OPTIMIZATION_LEVEL = "-Onone";
			};
			name = Debug;
		};
		5ED79F0829FD9361009D45AA /* Release */ = {
			isa = XCBuildConfiguration;
			buildSettings = {
				ALWAYS_SEARCH_USER_PATHS = NO;
				CLANG_ANALYZER_NONNULL = YES;
				CLANG_ANALYZER_NUMBER_OBJECT_CONVERSION = YES_AGGRESSIVE;
				CLANG_CXX_LANGUAGE_STANDARD = "gnu++20";
				CLANG_ENABLE_MODULES = YES;
				CLANG_ENABLE_OBJC_ARC = YES;
				CLANG_ENABLE_OBJC_WEAK = YES;
				CLANG_WARN_BLOCK_CAPTURE_AUTORELEASING = YES;
				CLANG_WARN_BOOL_CONVERSION = YES;
				CLANG_WARN_COMMA = YES;
				CLANG_WARN_CONSTANT_CONVERSION = YES;
				CLANG_WARN_DEPRECATED_OBJC_IMPLEMENTATIONS = YES;
				CLANG_WARN_DIRECT_OBJC_ISA_USAGE = YES_ERROR;
				CLANG_WARN_DOCUMENTATION_COMMENTS = YES;
				CLANG_WARN_EMPTY_BODY = YES;
				CLANG_WARN_ENUM_CONVERSION = YES;
				CLANG_WARN_INFINITE_RECURSION = YES;
				CLANG_WARN_INT_CONVERSION = YES;
				CLANG_WARN_NON_LITERAL_NULL_CONVERSION = YES;
				CLANG_WARN_OBJC_IMPLICIT_RETAIN_SELF = YES;
				CLANG_WARN_OBJC_LITERAL_CONVERSION = YES;
				CLANG_WARN_OBJC_ROOT_CLASS = YES_ERROR;
				CLANG_WARN_QUOTED_INCLUDE_IN_FRAMEWORK_HEADER = YES;
				CLANG_WARN_RANGE_LOOP_ANALYSIS = YES;
				CLANG_WARN_STRICT_PROTOTYPES = YES;
				CLANG_WARN_SUSPICIOUS_MOVE = YES;
				CLANG_WARN_UNGUARDED_AVAILABILITY = YES_AGGRESSIVE;
				CLANG_WARN_UNREACHABLE_CODE = YES;
				CLANG_WARN__DUPLICATE_METHOD_MATCH = YES;
				COPY_PHASE_STRIP = NO;
				DEBUG_INFORMATION_FORMAT = "dwarf-with-dsym";
				ENABLE_NS_ASSERTIONS = NO;
				ENABLE_STRICT_OBJC_MSGSEND = YES;
				GCC_C_LANGUAGE_STANDARD = gnu11;
				GCC_NO_COMMON_BLOCKS = YES;
				GCC_WARN_64_TO_32_BIT_CONVERSION = YES;
				GCC_WARN_ABOUT_RETURN_TYPE = YES_ERROR;
				GCC_WARN_UNDECLARED_SELECTOR = YES;
				GCC_WARN_UNINITIALIZED_AUTOS = YES_AGGRESSIVE;
				GCC_WARN_UNUSED_FUNCTION = YES;
				GCC_WARN_UNUSED_VARIABLE = YES;
				IPHONEOS_DEPLOYMENT_TARGET = 16.4;
				MTL_ENABLE_DEBUG_INFO = NO;
				MTL_FAST_MATH = YES;
				SDKROOT = iphoneos;
				SWIFT_COMPILATION_MODE = wholemodule;
				SWIFT_OPTIMIZATION_LEVEL = "-O";
				VALIDATE_PRODUCT = YES;
			};
			name = Release;
		};
		5ED79F0A29FD9361009D45AA /* Debug */ = {
			isa = XCBuildConfiguration;
			buildSettings = {
				ASSETCATALOG_COMPILER_APPICON_NAME = AppIcon;
				ASSETCATALOG_COMPILER_GLOBAL_ACCENT_COLOR_NAME = AccentColor;
				CODE_SIGN_STYLE = Automatic;
				CURRENT_PROJECT_VERSION = 1;
				DEVELOPMENT_ASSET_PATHS = "\"Atinarae/Preview Content\"";
				DEVELOPMENT_TEAM = 2ZA4H6HG9F;
				ENABLE_PREVIEWS = YES;
				GENERATE_INFOPLIST_FILE = YES;
				INFOPLIST_KEY_UIApplicationSceneManifest_Generation = YES;
				INFOPLIST_KEY_UIApplicationSupportsIndirectInputEvents = YES;
				INFOPLIST_KEY_UILaunchScreen_Generation = YES;
				INFOPLIST_KEY_UISupportedInterfaceOrientations_iPad = "UIInterfaceOrientationPortrait UIInterfaceOrientationPortraitUpsideDown UIInterfaceOrientationLandscapeLeft UIInterfaceOrientationLandscapeRight";
				INFOPLIST_KEY_UISupportedInterfaceOrientations_iPhone = "UIInterfaceOrientationPortrait UIInterfaceOrientationLandscapeLeft UIInterfaceOrientationLandscapeRight";
				LD_RUNPATH_SEARCH_PATHS = (
					"$(inherited)",
					"@executable_path/Frameworks",
				);
				MARKETING_VERSION = 1.0;
				PRODUCT_BUNDLE_IDENTIFIER = com.migusdn.Atinarae;
				PRODUCT_NAME = "$(TARGET_NAME)";
				SWIFT_EMIT_LOC_STRINGS = YES;
				SWIFT_VERSION = 5.0;
				TARGETED_DEVICE_FAMILY = "1,2";
			};
			name = Debug;
		};
		5ED79F0B29FD9361009D45AA /* Release */ = {
			isa = XCBuildConfiguration;
			buildSettings = {
				ASSETCATALOG_COMPILER_APPICON_NAME = AppIcon;
				ASSETCATALOG_COMPILER_GLOBAL_ACCENT_COLOR_NAME = AccentColor;
				CODE_SIGN_STYLE = Automatic;
				CURRENT_PROJECT_VERSION = 1;
				DEVELOPMENT_ASSET_PATHS = "\"Atinarae/Preview Content\"";
				DEVELOPMENT_TEAM = 2ZA4H6HG9F;
				ENABLE_PREVIEWS = YES;
				GENERATE_INFOPLIST_FILE = YES;
				INFOPLIST_KEY_UIApplicationSceneManifest_Generation = YES;
				INFOPLIST_KEY_UIApplicationSupportsIndirectInputEvents = YES;
				INFOPLIST_KEY_UILaunchScreen_Generation = YES;
				INFOPLIST_KEY_UISupportedInterfaceOrientations_iPad = "UIInterfaceOrientationPortrait UIInterfaceOrientationPortraitUpsideDown UIInterfaceOrientationLandscapeLeft UIInterfaceOrientationLandscapeRight";
				INFOPLIST_KEY_UISupportedInterfaceOrientations_iPhone = "UIInterfaceOrientationPortrait UIInterfaceOrientationLandscapeLeft UIInterfaceOrientationLandscapeRight";
				LD_RUNPATH_SEARCH_PATHS = (
					"$(inherited)",
					"@executable_path/Frameworks",
				);
				MARKETING_VERSION = 1.0;
				PRODUCT_BUNDLE_IDENTIFIER = com.migusdn.Atinarae;
				PRODUCT_NAME = "$(TARGET_NAME)";
				SWIFT_EMIT_LOC_STRINGS = YES;
				SWIFT_VERSION = 5.0;
				TARGETED_DEVICE_FAMILY = "1,2";
			};
			name = Release;
		};
/* End XCBuildConfiguration section */

/* Begin XCConfigurationList section */
		5ED79EF629FD935F009D45AA /* Build configuration list for PBXProject "Atinarae" */ = {
			isa = XCConfigurationList;
			buildConfigurations = (
				5ED79F0729FD9361009D45AA /* Debug */,
				5ED79F0829FD9361009D45AA /* Release */,
			);
			defaultConfigurationIsVisible = 0;
			defaultConfigurationName = Release;
		};
		5ED79F0929FD9361009D45AA /* Build configuration list for PBXNativeTarget "Atinarae" */ = {
			isa = XCConfigurationList;
			buildConfigurations = (
				5ED79F0A29FD9361009D45AA /* Debug */,
				5ED79F0B29FD9361009D45AA /* Release */,
			);
			defaultConfigurationIsVisible = 0;
			defaultConfigurationName = Release;
		};
/* End XCConfigurationList section */
	};
	rootObject = 5ED79EF329FD935F009D45AA /* Project object */;
}
